{
  "name": "legadilo-browser-extension",
  "version": "0.1.0",
  "lockfileVersion": 3,
  "requires": true,
  "packages": {
    "": {
      "name": "legadilo-browser-extension",
      "version": "0.1.0",
      "hasInstallScript": true,
      "dependencies": {
        "bootstrap": "^5.3.3",
        "bootstrap5-tags": "^1.7.5"
      }
    },
    "node_modules/@popperjs/core": {
      "version": "2.11.8",
      "resolved": "https://registry.npmjs.org/@popperjs/core/-/core-2.11.8.tgz",
      "integrity": "sha512-P1st0aksCrn9sGZhp8GMYwBnQsbvAWsZAX44oXNNvLHGqAOcoVxmjZiohstwQ7SqKnbR47akdNi+uleWD8+g6A==",
      "license": "MIT",
      "peer": true,
      "funding": {
        "type": "opencollective",
        "url": "https://opencollective.com/popperjs"
      }
    },
    "node_modules/bootstrap": {
      "version": "5.3.3",
      "resolved": "https://registry.npmjs.org/bootstrap/-/bootstrap-5.3.3.tgz",
      "integrity": "sha512-8HLCdWgyoMguSO9o+aH+iuZ+aht+mzW0u3HIMzVu7Srrpv7EBBxTnrFlSCskwdY1+EOFQSm7uMJhNQHkdPcmjg==",
      "funding": [
        {
          "type": "github",
          "url": "https://github.com/sponsors/twbs"
        },
        {
          "type": "opencollective",
          "url": "https://opencollective.com/bootstrap"
        }
      ],
      "license": "MIT",
      "peerDependencies": {
        "@popperjs/core": "^2.11.8"
      }
    },
    "node_modules/bootstrap5-tags": {
      "version": "1.7.6",
      "resolved": "https://registry.npmjs.org/bootstrap5-tags/-/bootstrap5-tags-1.7.6.tgz",
      "integrity": "sha512-5bUMUN4I11n/MtrfmYOF41ebkMmy2s4AZZfp6C1oWm2dXZS3UUZqb7J9Qj9OJ1r053hix0pKtg3mNJcQvqa1EQ==",
      "license": "MIT"
    }
  }
}
